{
    "_meta": {
        "hash": {
            "sha256": "0f7232a0a02142d3b605cb3e738928c5e1b99650999c47694b3e2e6c4c4e5c10"
        },
        "pipfile-spec": 6,
        "requires": {
            "python_version": "3.11"
        },
        "sources": [
            {
                "name": "pypi",
                "url": "https://pypi.org/simple",
                "verify_ssl": true
            }
        ]
    },
    "default": {},
    "develop": {}
}
